// !$*UTF8*$!
{
	archiveVersion = 1;
	classes = {
	};
	objectVersion = 56;
	objects = {

/* Begin PBXBuildFile section */
		32F0F241F8F3EA147188C68D /* Pods_JAngelYacheDev.framework in Frameworks */ = {isa = PBXBuildFile; fileRef = E3EAA43A3F09C1C9D6397A17 /* Pods_JAngelYacheDev.framework */; };
		A71500E729BD6AF6004E5375 /* AppDelegate.swift in Sources */ = {isa = PBXBuildFile; fileRef = A71500E629BD6AF6004E5375 /* AppDelegate.swift */; };
		A71500E929BD6AF6004E5375 /* SceneDelegate.swift in Sources */ = {isa = PBXBuildFile; fileRef = A71500E829BD6AF6004E5375 /* SceneDelegate.swift */; };
		A71500EB29BD6AF6004E5375 /* ViewController.swift in Sources */ = {isa = PBXBuildFile; fileRef = A71500EA29BD6AF6004E5375 /* ViewController.swift */; };
		A71500EE29BD6AF6004E5375 /* Main.storyboard in Resources */ = {isa = PBXBuildFile; fileRef = A71500EC29BD6AF6004E5375 /* Main.storyboard */; };
		A71500F029BD6AF7004E5375 /* Assets.xcassets in Resources */ = {isa = PBXBuildFile; fileRef = A71500EF29BD6AF7004E5375 /* Assets.xcassets */; };
		A71500F329BD6AF7004E5375 /* LaunchScreen.storyboard in Resources */ = {isa = PBXBuildFile; fileRef = A71500F129BD6AF7004E5375 /* LaunchScreen.storyboard */; };
		A71500FD29BD6B3C004E5375 /* DB.swift in Sources */ = {isa = PBXBuildFile; fileRef = A71500FC29BD6B3C004E5375 /* DB.swift */; };
		A715010029BD6B79004E5375 /* FrutasViewModel.swift in Sources */ = {isa = PBXBuildFile; fileRef = A71500FF29BD6B79004E5375 /* FrutasViewModel.swift */; };
		A715010329BD8899004E5375 /* Frutas.swift in Sources */ = {isa = PBXBuildFile; fileRef = A715010229BD8899004E5375 /* Frutas.swift */; };
		A715010529BD89BD004E5375 /* Result.swift in Sources */ = {isa = PBXBuildFile; fileRef = A715010429BD89BD004E5375 /* Result.swift */; };
		A715010929BEA7CC004E5375 /* DateViewModel.swift in Sources */ = {isa = PBXBuildFile; fileRef = A715010829BEA7CC004E5375 /* DateViewModel.swift */; };
		A715010C29BEACCB004E5375 /* AddFruitsViewController.swift in Sources */ = {isa = PBXBuildFile; fileRef = A715010B29BEACCB004E5375 /* AddFruitsViewController.swift */; };
		A715010F29BEC4FA004E5375 /* FrutasTableViewCell.swift in Sources */ = {isa = PBXBuildFile; fileRef = A715010D29BEC4FA004E5375 /* FrutasTableViewCell.swift */; };
		A715011029BEC4FA004E5375 /* FrutasTableViewCell.xib in Resources */ = {isa = PBXBuildFile; fileRef = A715010E29BEC4FA004E5375 /* FrutasTableViewCell.xib */; };
/* End PBXBuildFile section */

/* Begin PBXFileReference section */
		1129625C85927E7F9373CF23 /* Pods-JAngelYacheDev.debug.xcconfig */ = {isa = PBXFileReference; includeInIndex = 1; lastKnownFileType = text.xcconfig; name = "Pods-JAngelYacheDev.debug.xcconfig"; path = "Target Support Files/Pods-JAngelYacheDev/Pods-JAngelYacheDev.debug.xcconfig"; sourceTree = "<group>"; };
		670C9AAD605E6BF1D96770D5 /* Pods-JAngelYacheDev.release.xcconfig */ = {isa = PBXFileReference; includeInIndex = 1; lastKnownFileType = text.xcconfig; name = "Pods-JAngelYacheDev.release.xcconfig"; path = "Target Support Files/Pods-JAngelYacheDev/Pods-JAngelYacheDev.release.xcconfig"; sourceTree = "<group>"; };
		A71500E329BD6AF6004E5375 /* JAngelYacheDev.app */ = {isa = PBXFileReference; explicitFileType = wrapper.application; includeInIndex = 0; path = JAngelYacheDev.app; sourceTree = BUILT_PRODUCTS_DIR; };
		A71500E629BD6AF6004E5375 /* AppDelegate.swift */ = {isa = PBXFileReference; lastKnownFileType = sourcecode.swift; path = AppDelegate.swift; sourceTree = "<group>"; };
		A71500E829BD6AF6004E5375 /* SceneDelegate.swift */ = {isa = PBXFileReference; lastKnownFileType = sourcecode.swift; path = SceneDelegate.swift; sourceTree = "<group>"; };
		A71500EA29BD6AF6004E5375 /* ViewController.swift */ = {isa = PBXFileReference; lastKnownFileType = sourcecode.swift; path = ViewController.swift; sourceTree = "<group>"; };
		A71500ED29BD6AF6004E5375 /* Base */ = {isa = PBXFileReference; lastKnownFileType = file.storyboard; name = Base; path = Base.lproj/Main.storyboard; sourceTree = "<group>"; };
		A71500EF29BD6AF7004E5375 /* Assets.xcassets */ = {isa = PBXFileReference; lastKnownFileType = folder.assetcatalog; path = Assets.xcassets; sourceTree = "<group>"; };
		A71500F229BD6AF7004E5375 /* Base */ = {isa = PBXFileReference; lastKnownFileType = file.storyboard; name = Base; path = Base.lproj/LaunchScreen.storyboard; sourceTree = "<group>"; };
		A71500F429BD6AF7004E5375 /* Info.plist */ = {isa = PBXFileReference; lastKnownFileType = text.plist.xml; path = Info.plist; sourceTree = "<group>"; };
		A71500FC29BD6B3C004E5375 /* DB.swift */ = {isa = PBXFileReference; lastKnownFileType = sourcecode.swift; path = DB.swift; sourceTree = "<group>"; };
		A71500FF29BD6B79004E5375 /* FrutasViewModel.swift */ = {isa = PBXFileReference; lastKnownFileType = sourcecode.swift; path = FrutasViewModel.swift; sourceTree = "<group>"; };
		A715010229BD8899004E5375 /* Frutas.swift */ = {isa = PBXFileReference; lastKnownFileType = sourcecode.swift; path = Frutas.swift; sourceTree = "<group>"; };
		A715010429BD89BD004E5375 /* Result.swift */ = {isa = PBXFileReference; lastKnownFileType = sourcecode.swift; path = Result.swift; sourceTree = "<group>"; };
		A715010829BEA7CC004E5375 /* DateViewModel.swift */ = {isa = PBXFileReference; lastKnownFileType = sourcecode.swift; path = DateViewModel.swift; sourceTree = "<group>"; };
		A715010B29BEACCB004E5375 /* AddFruitsViewController.swift */ = {isa = PBXFileReference; lastKnownFileType = sourcecode.swift; path = AddFruitsViewController.swift; sourceTree = "<group>"; };
		A715010D29BEC4FA004E5375 /* FrutasTableViewCell.swift */ = {isa = PBXFileReference; lastKnownFileType = sourcecode.swift; path = FrutasTableViewCell.swift; sourceTree = "<group>"; };
		A715010E29BEC4FA004E5375 /* FrutasTableViewCell.xib */ = {isa = PBXFileReference; lastKnownFileType = file.xib; path = FrutasTableViewCell.xib; sourceTree = "<group>"; };
		E3EAA43A3F09C1C9D6397A17 /* Pods_JAngelYacheDev.framework */ = {isa = PBXFileReference; explicitFileType = wrapper.framework; includeInIndex = 0; path = Pods_JAngelYacheDev.framework; sourceTree = BUILT_PRODUCTS_DIR; };
/* End PBXFileReference section */

/* Begin PBXFrameworksBuildPhase section */
		A71500E029BD6AF6004E5375 /* Frameworks */ = {
			isa = PBXFrameworksBuildPhase;
			buildActionMask = 2147483647;
			files = (
				32F0F241F8F3EA147188C68D /* Pods_JAngelYacheDev.framework in Frameworks */,
			);
			runOnlyForDeploymentPostprocessing = 0;
		};
/* End PBXFrameworksBuildPhase section */

/* Begin PBXGroup section */
		A21620450031D3AF937A5168 /* Pods */ = {
			isa = PBXGroup;
			children = (
				1129625C85927E7F9373CF23 /* Pods-JAngelYacheDev.debug.xcconfig */,
				670C9AAD605E6BF1D96770D5 /* Pods-JAngelYacheDev.release.xcconfig */,
			);
			name = Pods;
			path = Pods;
			sourceTree = "<group>";
		};
		A71500DA29BD6AF6004E5375 = {
			isa = PBXGroup;
			children = (
				A71500E529BD6AF6004E5375 /* JAngelYacheDev */,
				A71500E429BD6AF6004E5375 /* Products */,
				A21620450031D3AF937A5168 /* Pods */,
				CC4531EE6910EA2A162DF2FA /* Frameworks */,
			);
			sourceTree = "<group>";
		};
		A71500E429BD6AF6004E5375 /* Products */ = {
			isa = PBXGroup;
			children = (
				A71500E329BD6AF6004E5375 /* JAngelYacheDev.app */,
			);
			name = Products;
			sourceTree = "<group>";
		};
		A71500E529BD6AF6004E5375 /* JAngelYacheDev */ = {
			isa = PBXGroup;
			children = (
				A715010729BE8F49004E5375 /* View */,
				A715010629BE8F3E004E5375 /* Controller */,
				A715010129BD8889004E5375 /* Model */,
				A71500FA29BD6B10004E5375 /* ViewModel */,
				A71500EF29BD6AF7004E5375 /* Assets.xcassets */,
				A71500F129BD6AF7004E5375 /* LaunchScreen.storyboard */,
				A71500F429BD6AF7004E5375 /* Info.plist */,
			);
			path = JAngelYacheDev;
			sourceTree = "<group>";
		};
		A71500FA29BD6B10004E5375 /* ViewModel */ = {
			isa = PBXGroup;
			children = (
				A715010A29BEAC31004E5375 /* AppDelegate */,
				A71500FE29BD6B65004E5375 /* Frutas */,
				A71500FB29BD6B2A004E5375 /* DB */,
			);
			path = ViewModel;
			sourceTree = "<group>";
		};
		A71500FB29BD6B2A004E5375 /* DB */ = {
			isa = PBXGroup;
			children = (
				A71500FC29BD6B3C004E5375 /* DB.swift */,
			);
			path = DB;
			sourceTree = "<group>";
		};
		A71500FE29BD6B65004E5375 /* Frutas */ = {
			isa = PBXGroup;
			children = (
				A71500FF29BD6B79004E5375 /* FrutasViewModel.swift */,
				A715010829BEA7CC004E5375 /* DateViewModel.swift */,
			);
			name = Frutas;
			path = DB;
			sourceTree = "<group>";
		};
		A715010129BD8889004E5375 /* Model */ = {
			isa = PBXGroup;
			children = (
				A715010229BD8899004E5375 /* Frutas.swift */,
				A715010429BD89BD004E5375 /* Result.swift */,
			);
			path = Model;
			sourceTree = "<group>";
		};
		A715010629BE8F3E004E5375 /* Controller */ = {
			isa = PBXGroup;
			children = (
				A715010D29BEC4FA004E5375 /* FrutasTableViewCell.swift */,
				A71500EA29BD6AF6004E5375 /* ViewController.swift */,
				A715010B29BEACCB004E5375 /* AddFruitsViewController.swift */,
			);
			path = Controller;
			sourceTree = "<group>";
		};
		A715010729BE8F49004E5375 /* View */ = {
			isa = PBXGroup;
			children = (
				A71500EC29BD6AF6004E5375 /* Main.storyboard */,
				A715010E29BEC4FA004E5375 /* FrutasTableViewCell.xib */,
			);
			path = View;
			sourceTree = "<group>";
		};
		A715010A29BEAC31004E5375 /* AppDelegate */ = {
			isa = PBXGroup;
			children = (
				A71500E629BD6AF6004E5375 /* AppDelegate.swift */,
				A71500E829BD6AF6004E5375 /* SceneDelegate.swift */,
			);
			path = AppDelegate;
			sourceTree = "<group>";
		};
		CC4531EE6910EA2A162DF2FA /* Frameworks */ = {
			isa = PBXGroup;
			children = (
				E3EAA43A3F09C1C9D6397A17 /* Pods_JAngelYacheDev.framework */,
			);
			name = Frameworks;
			sourceTree = "<group>";
		};
/* End PBXGroup section */

/* Begin PBXNativeTarget section */
		A71500E229BD6AF6004E5375 /* JAngelYacheDev */ = {
			isa = PBXNativeTarget;
			buildConfigurationList = A71500F729BD6AF7004E5375 /* Build configuration list for PBXNativeTarget "JAngelYacheDev" */;
			buildPhases = (
				F23766ED11C655FD9A10A963 /* [CP] Check Pods Manifest.lock */,
				A71500DF29BD6AF6004E5375 /* Sources */,
				A71500E029BD6AF6004E5375 /* Frameworks */,
				A71500E129BD6AF6004E5375 /* Resources */,
				578B128FAC1477E15DC9D1FA /* [CP] Embed Pods Frameworks */,
			);
			buildRules = (
			);
			dependencies = (
			);
			name = JAngelYacheDev;
			productName = JAngelYacheDev;
			productReference = A71500E329BD6AF6004E5375 /* JAngelYacheDev.app */;
			productType = "com.apple.product-type.application";
		};
/* End PBXNativeTarget section */

/* Begin PBXProject section */
		A71500DB29BD6AF6004E5375 /* Project object */ = {
			isa = PBXProject;
			attributes = {
				BuildIndependentTargetsInParallel = 1;
				LastSwiftUpdateCheck = 1420;
				LastUpgradeCheck = 1420;
				TargetAttributes = {
					A71500E229BD6AF6004E5375 = {
						CreatedOnToolsVersion = 14.2;
					};
				};
			};
			buildConfigurationList = A71500DE29BD6AF6004E5375 /* Build configuration list for PBXProject "JAngelYacheDev" */;
			compatibilityVersion = "Xcode 14.0";
			developmentRegion = en;
			hasScannedForEncodings = 0;
			knownRegions = (
				en,
				Base,
			);
			mainGroup = A71500DA29BD6AF6004E5375;
			productRefGroup = A71500E429BD6AF6004E5375 /* Products */;
			projectDirPath = "";
			projectRoot = "";
			targets = (
				A71500E229BD6AF6004E5375 /* JAngelYacheDev */,
			);
		};
/* End PBXProject section */

/* Begin PBXResourcesBuildPhase section */
		A71500E129BD6AF6004E5375 /* Resources */ = {
			isa = PBXResourcesBuildPhase;
			buildActionMask = 2147483647;
			files = (
				A715011029BEC4FA004E5375 /* FrutasTableViewCell.xib in Resources */,
				A71500F329BD6AF7004E5375 /* LaunchScreen.storyboard in Resources */,
				A71500F029BD6AF7004E5375 /* Assets.xcassets in Resources */,
				A71500EE29BD6AF6004E5375 /* Main.storyboard in Resources */,
			);
			runOnlyForDeploymentPostprocessing = 0;
		};
/* End PBXResourcesBuildPhase section */

/* Begin PBXShellScriptBuildPhase section */
		578B128FAC1477E15DC9D1FA /* [CP] Embed Pods Frameworks */ = {
			isa = PBXShellScriptBuildPhase;
			buildActionMask = 2147483647;
			files = (
			);
			inputFileListPaths = (
				"${PODS_ROOT}/Target Support Files/Pods-JAngelYacheDev/Pods-JAngelYacheDev-frameworks-${CONFIGURATION}-input-files.xcfilelist",
			);
			name = "[CP] Embed Pods Frameworks";
			outputFileListPaths = (
				"${PODS_ROOT}/Target Support Files/Pods-JAngelYacheDev/Pods-JAngelYacheDev-frameworks-${CONFIGURATION}-output-files.xcfilelist",
			);
			runOnlyForDeploymentPostprocessing = 0;
			shellPath = /bin/sh;
			shellScript = "\"${PODS_ROOT}/Target Support Files/Pods-JAngelYacheDev/Pods-JAngelYacheDev-frameworks.sh\"\n";
			showEnvVarsInLog = 0;
		};
		F23766ED11C655FD9A10A963 /* [CP] Check Pods Manifest.lock */ = {
			isa = PBXShellScriptBuildPhase;
			buildActionMask = 2147483647;
			files = (
			);
			inputFileListPaths = (
			);
			inputPaths = (
				"${PODS_PODFILE_DIR_PATH}/Podfile.lock",
				"${PODS_ROOT}/Manifest.lock",
			);
			name = "[CP] Check Pods Manifest.lock";
			outputFileListPaths = (
			);
			outputPaths = (
				"$(DERIVED_FILE_DIR)/Pods-JAngelYacheDev-checkManifestLockResult.txt",
			);
			runOnlyForDeploymentPostprocessing = 0;
			shellPath = /bin/sh;
			shellScript = "diff \"${PODS_PODFILE_DIR_PATH}/Podfile.lock\" \"${PODS_ROOT}/Manifest.lock\" > /dev/null\nif [ $? != 0 ] ; then\n    # print error to STDERR\n    echo \"error: The sandbox is not in sync with the Podfile.lock. Run 'pod install' or update your CocoaPods installation.\" >&2\n    exit 1\nfi\n# This output is used by Xcode 'outputs' to avoid re-running this script phase.\necho \"SUCCESS\" > \"${SCRIPT_OUTPUT_FILE_0}\"\n";
			showEnvVarsInLog = 0;
		};
/* End PBXShellScriptBuildPhase section */

/* Begin PBXSourcesBuildPhase section */
		A71500DF29BD6AF6004E5375 /* Sources */ = {
			isa = PBXSourcesBuildPhase;
			buildActionMask = 2147483647;
			files = (
				A715010929BEA7CC004E5375 /* DateViewModel.swift in Sources */,
				A715010029BD6B79004E5375 /* FrutasViewModel.swift in Sources */,
				A715010329BD8899004E5375 /* Frutas.swift in Sources */,
				A715010C29BEACCB004E5375 /* AddFruitsViewController.swift in Sources */,
				A71500EB29BD6AF6004E5375 /* ViewController.swift in Sources */,
				A71500FD29BD6B3C004E5375 /* DB.swift in Sources */,
				A715010F29BEC4FA004E5375 /* FrutasTableViewCell.swift in Sources */,
				A715010529BD89BD004E5375 /* Result.swift in Sources */,
				A71500E729BD6AF6004E5375 /* AppDelegate.swift in Sources */,
				A71500E929BD6AF6004E5375 /* SceneDelegate.swift in Sources */,
			);
			runOnlyForDeploymentPostprocessing = 0;
		};
/* End PBXSourcesBuildPhase section */

/* Begin PBXVariantGroup section */
		A71500EC29BD6AF6004E5375 /* Main.storyboard */ = {
			isa = PBXVariantGroup;
			children = (
				A71500ED29BD6AF6004E5375 /* Base */,
			);
			name = Main.storyboard;
			sourceTree = "<group>";
		};
		A71500F129BD6AF7004E5375 /* LaunchScreen.storyboard */ = {
			isa = PBXVariantGroup;
			children = (
				A71500F229BD6AF7004E5375 /* Base */,
			);
			name = LaunchScreen.storyboard;
			sourceTree = "<group>";
		};
/* End PBXVariantGroup section */

/* Begin XCBuildConfiguration section */
		A71500F529BD6AF7004E5375 /* Debug */ = {
			isa = XCBuildConfiguration;
			buildSettings = {
				ALWAYS_SEARCH_USER_PATHS = NO;
				CLANG_ANALYZER_NONNULL = YES;
				CLANG_ANALYZER_NUMBER_OBJECT_CONVERSION = YES_AGGRESSIVE;
				CLANG_CXX_LANGUAGE_STANDARD = "gnu++20";
				CLANG_ENABLE_MODULES = YES;
				CLANG_ENABLE_OBJC_ARC = YES;
				CLANG_ENABLE_OBJC_WEAK = YES;
				CLANG_WARN_BLOCK_CAPTURE_AUTORELEASING = YES;
				CLANG_WARN_BOOL_CONVERSION = YES;
				CLANG_WARN_COMMA = YES;
				CLANG_WARN_CONSTANT_CONVERSION = YES;
				CLANG_WARN_DEPRECATED_OBJC_IMPLEMENTATIONS = YES;
				CLANG_WARN_DIRECT_OBJC_ISA_USAGE = YES_ERROR;
				CLANG_WARN_DOCUMENTATION_COMMENTS = YES;
				CLANG_WARN_EMPTY_BODY = YES;
				CLANG_WARN_ENUM_CONVERSION = YES;
				CLANG_WARN_INFINITE_RECURSION = YES;
				CLANG_WARN_INT_CONVERSION = YES;
				CLANG_WARN_NON_LITERAL_NULL_CONVERSION = YES;
				CLANG_WARN_OBJC_IMPLICIT_RETAIN_SELF = YES;
				CLANG_WARN_OBJC_LITERAL_CONVERSION = YES;
				CLANG_WARN_OBJC_ROOT_CLASS = YES_ERROR;
				CLANG_WARN_QUOTED_INCLUDE_IN_FRAMEWORK_HEADER = YES;
				CLANG_WARN_RANGE_LOOP_ANALYSIS = YES;
				CLANG_WARN_STRICT_PROTOTYPES = YES;
				CLANG_WARN_SUSPICIOUS_MOVE = YES;
				CLANG_WARN_UNGUARDED_AVAILABILITY = YES_AGGRESSIVE;
				CLANG_WARN_UNREACHABLE_CODE = YES;
				CLANG_WARN__DUPLICATE_METHOD_MATCH = YES;
				COPY_PHASE_STRIP = NO;
				DEBUG_INFORMATION_FORMAT = dwarf;
				ENABLE_STRICT_OBJC_MSGSEND = YES;
				ENABLE_TESTABILITY = YES;
				GCC_C_LANGUAGE_STANDARD = gnu11;
				GCC_DYNAMIC_NO_PIC = NO;
				GCC_NO_COMMON_BLOCKS = YES;
				GCC_OPTIMIZATION_LEVEL = 0;
				GCC_PREPROCESSOR_DEFINITIONS = (
					"DEBUG=1",
					"$(inherited)",
				);
				GCC_WARN_64_TO_32_BIT_CONVERSION = YES;
				GCC_WARN_ABOUT_RETURN_TYPE = YES_ERROR;
				GCC_WARN_UNDECLARED_SELECTOR = YES;
				GCC_WARN_UNINITIALIZED_AUTOS = YES_AGGRESSIVE;
				GCC_WARN_UNUSED_FUNCTION = YES;
				GCC_WARN_UNUSED_VARIABLE = YES;
				IPHONEOS_DEPLOYMENT_TARGET = 16.2;
				MTL_ENABLE_DEBUG_INFO = INCLUDE_SOURCE;
				MTL_FAST_MATH = YES;
				ONLY_ACTIVE_ARCH = YES;
				SDKROOT = iphoneos;
				SWIFT_ACTIVE_COMPILATION_CONDITIONS = DEBUG;
				SWIFT_OPTIMIZATION_LEVEL = "-Onone";
			};
			name = Debug;
		};
		A71500F629BD6AF7004E5375 /* Release */ = {
			isa = XCBuildConfiguration;
			buildSettings = {
				ALWAYS_SEARCH_USER_PATHS = NO;
				CLANG_ANALYZER_NONNULL = YES;
				CLANG_ANALYZER_NUMBER_OBJECT_CONVERSION = YES_AGGRESSIVE;
				CLANG_CXX_LANGUAGE_STANDARD = "gnu++20";
				CLANG_ENABLE_MODULES = YES;
				CLANG_ENABLE_OBJC_ARC = YES;
				CLANG_ENABLE_OBJC_WEAK = YES;
				CLANG_WARN_BLOCK_CAPTURE_AUTORELEASING = YES;
				CLANG_WARN_BOOL_CONVERSION = YES;
				CLANG_WARN_COMMA = YES;
				CLANG_WARN_CONSTANT_CONVERSION = YES;
				CLANG_WARN_DEPRECATED_OBJC_IMPLEMENTATIONS = YES;
				CLANG_WARN_DIRECT_OBJC_ISA_USAGE = YES_ERROR;
				CLANG_WARN_DOCUMENTATION_COMMENTS = YES;
				CLANG_WARN_EMPTY_BODY = YES;
				CLANG_WARN_ENUM_CONVERSION = YES;
				CLANG_WARN_INFINITE_RECURSION = YES;
				CLANG_WARN_INT_CONVERSION = YES;
				CLANG_WARN_NON_LITERAL_NULL_CONVERSION = YES;
				CLANG_WARN_OBJC_IMPLICIT_RETAIN_SELF = YES;
				CLANG_WARN_OBJC_LITERAL_CONVERSION = YES;
				CLANG_WARN_OBJC_ROOT_CLASS = YES_ERROR;
				CLANG_WARN_QUOTED_INCLUDE_IN_FRAMEWORK_HEADER = YES;
				CLANG_WARN_RANGE_LOOP_ANALYSIS = YES;
				CLANG_WARN_STRICT_PROTOTYPES = YES;
				CLANG_WARN_SUSPICIOUS_MOVE = YES;
				CLANG_WARN_UNGUARDED_AVAILABILITY = YES_AGGRESSIVE;
				CLANG_WARN_UNREACHABLE_CODE = YES;
				CLANG_WARN__DUPLICATE_METHOD_MATCH = YES;
				COPY_PHASE_STRIP = NO;
				DEBUG_INFORMATION_FORMAT = "dwarf-with-dsym";
				ENABLE_NS_ASSERTIONS = NO;
				ENABLE_STRICT_OBJC_MSGSEND = YES;
				GCC_C_LANGUAGE_STANDARD = gnu11;
				GCC_NO_COMMON_BLOCKS = YES;
				GCC_WARN_64_TO_32_BIT_CONVERSION = YES;
				GCC_WARN_ABOUT_RETURN_TYPE = YES_ERROR;
				GCC_WARN_UNDECLARED_SELECTOR = YES;
				GCC_WARN_UNINITIALIZED_AUTOS = YES_AGGRESSIVE;
				GCC_WARN_UNUSED_FUNCTION = YES;
				GCC_WARN_UNUSED_VARIABLE = YES;
				IPHONEOS_DEPLOYMENT_TARGET = 16.2;
				MTL_ENABLE_DEBUG_INFO = NO;
				MTL_FAST_MATH = YES;
				SDKROOT = iphoneos;
				SWIFT_COMPILATION_MODE = wholemodule;
				SWIFT_OPTIMIZATION_LEVEL = "-O";
				VALIDATE_PRODUCT = YES;
			};
			name = Release;
		};
		A71500F829BD6AF7004E5375 /* Debug */ = {
			isa = XCBuildConfiguration;
			baseConfigurationReference = 1129625C85927E7F9373CF23 /* Pods-JAngelYacheDev.debug.xcconfig */;
			buildSettings = {
				ASSETCATALOG_COMPILER_APPICON_NAME = AppIcon;
				ASSETCATALOG_COMPILER_GLOBAL_ACCENT_COLOR_NAME = AccentColor;
				CODE_SIGN_STYLE = Automatic;
				CURRENT_PROJECT_VERSION = 1;
				DEVELOPMENT_TEAM = HSJJHK6893;
				GENERATE_INFOPLIST_FILE = YES;
				INFOPLIST_FILE = JAngelYacheDev/Info.plist;
				INFOPLIST_KEY_UIApplicationSupportsIndirectInputEvents = YES;
				INFOPLIST_KEY_UILaunchStoryboardName = LaunchScreen;
				INFOPLIST_KEY_UIMainStoryboardFile = Main;
				INFOPLIST_KEY_UISupportedInterfaceOrientations_iPad = "UIInterfaceOrientationPortrait UIInterfaceOrientationPortraitUpsideDown UIInterfaceOrientationLandscapeLeft UIInterfaceOrientationLandscapeRight";
				INFOPLIST_KEY_UISupportedInterfaceOrientations_iPhone = "UIInterfaceOrientationPortrait UIInterfaceOrientationLandscapeLeft UIInterfaceOrientationLandscapeRight";
				LD_RUNPATH_SEARCH_PATHS = (
					"$(inherited)",
					"@executable_path/Frameworks",
				);
				MARKETING_VERSION = 1.0;
				PRODUCT_BUNDLE_IDENTIFIER = DIgis01.JAngelYacheDev;
				PRODUCT_NAME = "$(TARGET_NAME)";
				SWIFT_EMIT_LOC_STRINGS = YES;
				SWIFT_VERSION = 5.0;
				TARGETED_DEVICE_FAMILY = "1,2";
			};
			name = Debug;
		};
		A71500F929BD6AF7004E5375 /* Release */ = {
			isa = XCBuildConfiguration;
			baseConfigurationReference = 670C9AAD605E6BF1D96770D5 /* Pods-JAngelYacheDev.release.xcconfig */;
			buildSettings = {
				ASSETCATALOG_COMPILER_APPICON_NAME = AppIcon;
				ASSETCATALOG_COMPILER_GLOBAL_ACCENT_COLOR_NAME = AccentColor;
				CODE_SIGN_STYLE = Automatic;
				CURRENT_PROJECT_VERSION = 1;
				DEVELOPMENT_TEAM = HSJJHK6893;
				GENERATE_INFOPLIST_FILE = YES;
				INFOPLIST_FILE = JAngelYacheDev/Info.plist;
				INFOPLIST_KEY_UIApplicationSupportsIndirectInputEvents = YES;
				INFOPLIST_KEY_UILaunchStoryboardName = LaunchScreen;
				INFOPLIST_KEY_UIMainStoryboardFile = Main;
				INFOPLIST_KEY_UISupportedInterfaceOrientations_iPad = "UIInterfaceOrientationPortrait UIInterfaceOrientationPortraitUpsideDown UIInterfaceOrientationLandscapeLeft UIInterfaceOrientationLandscapeRight";
				INFOPLIST_KEY_UISupportedInterfaceOrientations_iPhone = "UIInterfaceOrientationPortrait UIInterfaceOrientationLandscapeLeft UIInterfaceOrientationLandscapeRight";
				LD_RUNPATH_SEARCH_PATHS = (
					"$(inherited)",
					"@executable_path/Frameworks",
				);
				MARKETING_VERSION = 1.0;
				PRODUCT_BUNDLE_IDENTIFIER = DIgis01.JAngelYacheDev;
				PRODUCT_NAME = "$(TARGET_NAME)";
				SWIFT_EMIT_LOC_STRINGS = YES;
				SWIFT_VERSION = 5.0;
				TARGETED_DEVICE_FAMILY = "1,2";
			};
			name = Release;
		};
/* End XCBuildConfiguration section */

/* Begin XCConfigurationList section */
		A71500DE29BD6AF6004E5375 /* Build configuration list for PBXProject "JAngelYacheDev" */ = {
			isa = XCConfigurationList;
			buildConfigurations = (
				A71500F529BD6AF7004E5375 /* Debug */,
				A71500F629BD6AF7004E5375 /* Release */,
			);
			defaultConfigurationIsVisible = 0;
			defaultConfigurationName = Release;
		};
		A71500F729BD6AF7004E5375 /* Build configuration list for PBXNativeTarget "JAngelYacheDev" */ = {
			isa = XCConfigurationList;
			buildConfigurations = (
				A71500F829BD6AF7004E5375 /* Debug */,
				A71500F929BD6AF7004E5375 /* Release */,
			);
			defaultConfigurationIsVisible = 0;
			defaultConfigurationName = Release;
		};
/* End XCConfigurationList section */
	};
	rootObject = A71500DB29BD6AF6004E5375 /* Project object */;
}
